
Microsoft Visual Studio Solution File, Format Version 12.00
# Visual Studio 15
VisualStudioVersion = 15.0.27703.2000
MinimumVisualStudioVersion = 10.0.40219.1
Project("{FAE04EC0-301F-11D3-BF4B-00C04F79EFBC}") = "praca_magisterska", "praca_magisterska\praca_magisterska.csproj", "{B050FACC-7F3F-4FD4-909D-116CE3EBEB52}"
EndProject
Global
	GlobalSection(SolutionConfigurationPlatforms) = preSolution
		Debug|Any CPU = Debug|Any CPU
		Release|Any CPU = Release|Any CPU
	EndGlobalSection
	GlobalSection(ProjectConfigurationPlatforms) = postSolution
		{B050FACC-7F3F-4FD4-909D-116CE3EBEB52}.Debug|Any CPU.ActiveCfg = Debug|Any CPU
		{B050FACC-7F3F-4FD4-909D-116CE3EBEB52}.Debug|Any CPU.Build.0 = Debug|Any CPU
		{B050FACC-7F3F-4FD4-909D-116CE3EBEB52}.Release|Any CPU.ActiveCfg = Release|Any CPU
		{B050FACC-7F3F-4FD4-909D-116CE3EBEB52}.Release|Any CPU.Build.0 = Release|Any CPU
	EndGlobalSection
	GlobalSection(SolutionProperties) = preSolution
		HideSolutionNode = FALSE
	EndGlobalSection
	GlobalSection(ExtensibilityGlobals) = postSolution
		SolutionGuid = {3BFE4DDD-678C-4951-AC9E-ED1C4D1B0D85}
	EndGlobalSection
EndGlobal
